{
  "lib/ccip": {
    "rev": "065ef85b5fa52bb4583ebad9e51c20a977b64e7a"
  },
  "lib/chainlink-brownie-contracts": {
    "rev": "5cb41fbc9b525338b6098da5ea7dd0b7e92f89e4"
  },
  "lib/chainlink-local": {
    "tag": {
      "name": "v0.2.5",
      "rev": "e0954c83b816c1dee859d8dafb25bdcb99981065"
    }
  },
  "lib/forge-std": {
    "rev": "8bbcf6e3f8f62f419e5429a0bd89331c85c37824"
  }
}